
Microsoft Visual Studio Solution File, Format Version 12.00
# Visual Studio Version 17
VisualStudioVersion = 17.0.32126.317
MinimumVisualStudioVersion = 10.0.40219.1
Project("{FAE04EC0-301F-11D3-BF4B-00C04F79EFBC}") = "GameProject", "GameProject\GameProject.csproj", "{71A33EF7-C232-474E-9724-BC3A70341EB1}"
EndProject
Global
	GlobalSection(SolutionConfigurationPlatforms) = preSolution
		Debug|Any CPU = Debug|Any CPU
		Release|Any CPU = Release|Any CPU
	EndGlobalSection
	GlobalSection(ProjectConfigurationPlatforms) = postSolution
		{71A33EF7-C232-474E-9724-BC3A70341EB1}.Debug|Any CPU.ActiveCfg = Debug|Any CPU
		{71A33EF7-C232-474E-9724-BC3A70341EB1}.Debug|Any CPU.Build.0 = Debug|Any CPU
		{71A33EF7-C232-474E-9724-BC3A70341EB1}.Release|Any CPU.ActiveCfg = Release|Any CPU
		{71A33EF7-C232-474E-9724-BC3A70341EB1}.Release|Any CPU.Build.0 = Release|Any CPU
	EndGlobalSection
	GlobalSection(SolutionProperties) = preSolution
		HideSolutionNode = FALSE
	EndGlobalSection
	GlobalSection(ExtensibilityGlobals) = postSolution
		SolutionGuid = {09A7A726-0E29-43DB-BBA2-C5E324A0C82C}
	EndGlobalSection
EndGlobal
